// !$*UTF8*$!
{
	archiveVersion = 1;
	classes = {
	};
	objectVersion = 46;
	objects = {

/* Begin PBXBuildFile section */
		533FEF6F174AC6D70016F4DF /* sock_ntop_host.c in Sources */ = {isa = PBXBuildFile; fileRef = 533FEF6E174AC6D70016F4DF /* sock_ntop_host.c */; };
		533FEF71174ACDAC0016F4DF /* readloop.c in Sources */ = {isa = PBXBuildFile; fileRef = 533FEF70174ACDAC0016F4DF /* readloop.c */; };
		533FEF73174AD2DD0016F4DF /* proc.c in Sources */ = {isa = PBXBuildFile; fileRef = 533FEF72174AD2DD0016F4DF /* proc.c */; };
		533FEF75174AE0BB0016F4DF /* tv_sub.c in Sources */ = {isa = PBXBuildFile; fileRef = 533FEF74174AE0BB0016F4DF /* tv_sub.c */; };
		533FEF77174AE2710016F4DF /* sig_alrm.c in Sources */ = {isa = PBXBuildFile; fileRef = 533FEF76174AE2710016F4DF /* sig_alrm.c */; };
		533FEF79174AE39C0016F4DF /* send_to.c in Sources */ = {isa = PBXBuildFile; fileRef = 533FEF78174AE39C0016F4DF /* send_to.c */; };
		533FEF7B174AE77B0016F4DF /* in_cksum.c in Sources */ = {isa = PBXBuildFile; fileRef = 533FEF7A174AE77B0016F4DF /* in_cksum.c */; };
		533FEF7E174AEFB70016F4DF /* error.c in Sources */ = {isa = PBXBuildFile; fileRef = 533FEF7C174AEFB70016F4DF /* error.c */; };
		533FEF7F174AEFB70016F4DF /* host_serv.c in Sources */ = {isa = PBXBuildFile; fileRef = 533FEF7D174AEFB70016F4DF /* host_serv.c */; };
		53B23FFF174123E400A4B302 /* main.c in Sources */ = {isa = PBXBuildFile; fileRef = 53B23FFE174123E400A4B302 /* main.c */; };
		53B24001174123E400A4B302 /* ping.1 in CopyFiles */ = {isa = PBXBuildFile; fileRef = 53B24000174123E400A4B302 /* ping.1 */; };
/* End PBXBuildFile section */

/* Begin PBXCopyFilesBuildPhase section */
		53B23FF9174123E400A4B302 /* CopyFiles */ = {
			isa = PBXCopyFilesBuildPhase;
			buildActionMask = 2147483647;
			dstPath = /usr/share/man/man1/;
			dstSubfolderSpec = 0;
			files = (
				53B24001174123E400A4B302 /* ping.1 in CopyFiles */,
			);
			runOnlyForDeploymentPostprocessing = 1;
		};
/* End PBXCopyFilesBuildPhase section */

/* Begin PBXFileReference section */
		533FEF6D174AC4340016F4DF /* utils.h */ = {isa = PBXFileReference; lastKnownFileType = sourcecode.c.h; path = utils.h; sourceTree = "<group>"; };
		533FEF6E174AC6D70016F4DF /* sock_ntop_host.c */ = {isa = PBXFileReference; fileEncoding = 4; lastKnownFileType = sourcecode.c.c; path = sock_ntop_host.c; sourceTree = "<group>"; };
		533FEF70174ACDAC0016F4DF /* readloop.c */ = {isa = PBXFileReference; fileEncoding = 4; lastKnownFileType = sourcecode.c.c; path = readloop.c; sourceTree = "<group>"; };
		533FEF72174AD2DD0016F4DF /* proc.c */ = {isa = PBXFileReference; fileEncoding = 4; lastKnownFileType = sourcecode.c.c; path = proc.c; sourceTree = "<group>"; };
		533FEF74174AE0BB0016F4DF /* tv_sub.c */ = {isa = PBXFileReference; fileEncoding = 4; lastKnownFileType = sourcecode.c.c; path = tv_sub.c; sourceTree = "<group>"; };
		533FEF76174AE2710016F4DF /* sig_alrm.c */ = {isa = PBXFileReference; fileEncoding = 4; lastKnownFileType = sourcecode.c.c; path = sig_alrm.c; sourceTree = "<group>"; };
		533FEF78174AE39C0016F4DF /* send_to.c */ = {isa = PBXFileReference; fileEncoding = 4; lastKnownFileType = sourcecode.c.c; path = send_to.c; sourceTree = "<group>"; };
		533FEF7A174AE77B0016F4DF /* in_cksum.c */ = {isa = PBXFileReference; fileEncoding = 4; lastKnownFileType = sourcecode.c.c; path = in_cksum.c; sourceTree = "<group>"; };
		533FEF7C174AEFB70016F4DF /* error.c */ = {isa = PBXFileReference; fileEncoding = 4; lastKnownFileType = sourcecode.c.c; path = error.c; sourceTree = "<group>"; };
		533FEF7D174AEFB70016F4DF /* host_serv.c */ = {isa = PBXFileReference; fileEncoding = 4; lastKnownFileType = sourcecode.c.c; path = host_serv.c; sourceTree = "<group>"; };
		53B23FFB174123E400A4B302 /* ping */ = {isa = PBXFileReference; explicitFileType = "compiled.mach-o.executable"; includeInIndex = 0; path = ping; sourceTree = BUILT_PRODUCTS_DIR; };
		53B23FFE174123E400A4B302 /* main.c */ = {isa = PBXFileReference; lastKnownFileType = sourcecode.c.c; path = main.c; sourceTree = "<group>"; };
		53B24000174123E400A4B302 /* ping.1 */ = {isa = PBXFileReference; lastKnownFileType = text.man; path = ping.1; sourceTree = "<group>"; };
		53B24007174123F300A4B302 /* ping.h */ = {isa = PBXFileReference; lastKnownFileType = sourcecode.c.h; path = ping.h; sourceTree = "<group>"; };
/* End PBXFileReference section */

/* Begin PBXFrameworksBuildPhase section */
		53B23FF8174123E400A4B302 /* Frameworks */ = {
			isa = PBXFrameworksBuildPhase;
			buildActionMask = 2147483647;
			files = (
			);
			runOnlyForDeploymentPostprocessing = 0;
		};
/* End PBXFrameworksBuildPhase section */

/* Begin PBXGroup section */
		53B23FF2174123E400A4B302 = {
			isa = PBXGroup;
			children = (
				53B23FFD174123E400A4B302 /* ping */,
				53B23FFC174123E400A4B302 /* Products */,
			);
			sourceTree = "<group>";
		};
		53B23FFC174123E400A4B302 /* Products */ = {
			isa = PBXGroup;
			children = (
				53B23FFB174123E400A4B302 /* ping */,
			);
			name = Products;
			sourceTree = "<group>";
		};
		53B23FFD174123E400A4B302 /* ping */ = {
			isa = PBXGroup;
			children = (
				533FEF6D174AC4340016F4DF /* utils.h */,
				533FEF7C174AEFB70016F4DF /* error.c */,
				533FEF7D174AEFB70016F4DF /* host_serv.c */,
				533FEF6E174AC6D70016F4DF /* sock_ntop_host.c */,
				53B24000174123E400A4B302 /* ping.1 */,
				533FEF7A174AE77B0016F4DF /* in_cksum.c */,
				53B24007174123F300A4B302 /* ping.h */,
				533FEF72174AD2DD0016F4DF /* proc.c */,
				533FEF76174AE2710016F4DF /* sig_alrm.c */,
				533FEF74174AE0BB0016F4DF /* tv_sub.c */,
				533FEF78174AE39C0016F4DF /* send_to.c */,
				533FEF70174ACDAC0016F4DF /* readloop.c */,
				53B23FFE174123E400A4B302 /* main.c */,
			);
			path = ping;
			sourceTree = "<group>";
		};
/* End PBXGroup section */

/* Begin PBXNativeTarget section */
		53B23FFA174123E400A4B302 /* ping */ = {
			isa = PBXNativeTarget;
			buildConfigurationList = 53B24004174123E400A4B302 /* Build configuration list for PBXNativeTarget "ping" */;
			buildPhases = (
				53B23FF7174123E400A4B302 /* Sources */,
				53B23FF8174123E400A4B302 /* Frameworks */,
				53B23FF9174123E400A4B302 /* CopyFiles */,
			);
			buildRules = (
			);
			dependencies = (
			);
			name = ping;
			productName = ping;
			productReference = 53B23FFB174123E400A4B302 /* ping */;
			productType = "com.apple.product-type.tool";
		};
/* End PBXNativeTarget section */

/* Begin PBXProject section */
		53B23FF3174123E400A4B302 /* Project object */ = {
			isa = PBXProject;
			attributes = {
				LastUpgradeCheck = 0460;
				ORGANIZATIONNAME = "Sema Belokovsky";
			};
			buildConfigurationList = 53B23FF6174123E400A4B302 /* Build configuration list for PBXProject "ping" */;
			compatibilityVersion = "Xcode 3.2";
			developmentRegion = English;
			hasScannedForEncodings = 0;
			knownRegions = (
				en,
			);
			mainGroup = 53B23FF2174123E400A4B302;
			productRefGroup = 53B23FFC174123E400A4B302 /* Products */;
			projectDirPath = "";
			projectRoot = "";
			targets = (
				53B23FFA174123E400A4B302 /* ping */,
			);
		};
/* End PBXProject section */

/* Begin PBXSourcesBuildPhase section */
		53B23FF7174123E400A4B302 /* Sources */ = {
			isa = PBXSourcesBuildPhase;
			buildActionMask = 2147483647;
			files = (
				53B23FFF174123E400A4B302 /* main.c in Sources */,
				533FEF6F174AC6D70016F4DF /* sock_ntop_host.c in Sources */,
				533FEF71174ACDAC0016F4DF /* readloop.c in Sources */,
				533FEF73174AD2DD0016F4DF /* proc.c in Sources */,
				533FEF75174AE0BB0016F4DF /* tv_sub.c in Sources */,
				533FEF77174AE2710016F4DF /* sig_alrm.c in Sources */,
				533FEF79174AE39C0016F4DF /* send_to.c in Sources */,
				533FEF7B174AE77B0016F4DF /* in_cksum.c in Sources */,
				533FEF7E174AEFB70016F4DF /* error.c in Sources */,
				533FEF7F174AEFB70016F4DF /* host_serv.c in Sources */,
			);
			runOnlyForDeploymentPostprocessing = 0;
		};
/* End PBXSourcesBuildPhase section */

/* Begin XCBuildConfiguration section */
		53B24002174123E400A4B302 /* Debug */ = {
			isa = XCBuildConfiguration;
			buildSettings = {
				ALWAYS_SEARCH_USER_PATHS = NO;
				ARCHS = "$(ARCHS_STANDARD_64_BIT)";
				CLANG_CXX_LANGUAGE_STANDARD = "gnu++0x";
				CLANG_CXX_LIBRARY = "libc++";
				CLANG_WARN_CONSTANT_CONVERSION = YES;
				CLANG_WARN_EMPTY_BODY = YES;
				CLANG_WARN_ENUM_CONVERSION = YES;
				CLANG_WARN_INT_CONVERSION = YES;
				CLANG_WARN__DUPLICATE_METHOD_MATCH = YES;
				COPY_PHASE_STRIP = NO;
				GCC_C_LANGUAGE_STANDARD = gnu99;
				GCC_DYNAMIC_NO_PIC = NO;
				GCC_ENABLE_OBJC_EXCEPTIONS = YES;
				GCC_OPTIMIZATION_LEVEL = 0;
				GCC_PREPROCESSOR_DEFINITIONS = (
					"DEBUG=1",
					"$(inherited)",
				);
				GCC_SYMBOLS_PRIVATE_EXTERN = NO;
				GCC_WARN_64_TO_32_BIT_CONVERSION = YES;
				GCC_WARN_ABOUT_RETURN_TYPE = YES;
				GCC_WARN_UNINITIALIZED_AUTOS = YES;
				GCC_WARN_UNUSED_VARIABLE = YES;
				MACOSX_DEPLOYMENT_TARGET = 10.8;
				ONLY_ACTIVE_ARCH = YES;
				SDKROOT = macosx;
			};
			name = Debug;
		};
		53B24003174123E400A4B302 /* Release */ = {
			isa = XCBuildConfiguration;
			buildSettings = {
				ALWAYS_SEARCH_USER_PATHS = NO;
				ARCHS = "$(ARCHS_STANDARD_64_BIT)";
				CLANG_CXX_LANGUAGE_STANDARD = "gnu++0x";
				CLANG_CXX_LIBRARY = "libc++";
				CLANG_WARN_CONSTANT_CONVERSION = YES;
				CLANG_WARN_EMPTY_BODY = YES;
				CLANG_WARN_ENUM_CONVERSION = YES;
				CLANG_WARN_INT_CONVERSION = YES;
				CLANG_WARN__DUPLICATE_METHOD_MATCH = YES;
				COPY_PHASE_STRIP = YES;
				DEBUG_INFORMATION_FORMAT = "dwarf-with-dsym";
				GCC_C_LANGUAGE_STANDARD = gnu99;
				GCC_ENABLE_OBJC_EXCEPTIONS = YES;
				GCC_WARN_64_TO_32_BIT_CONVERSION = YES;
				GCC_WARN_ABOUT_RETURN_TYPE = YES;
				GCC_WARN_UNINITIALIZED_AUTOS = YES;
				GCC_WARN_UNUSED_VARIABLE = YES;
				MACOSX_DEPLOYMENT_TARGET = 10.8;
				SDKROOT = macosx;
			};
			name = Release;
		};
		53B24005174123E400A4B302 /* Debug */ = {
			isa = XCBuildConfiguration;
			buildSettings = {
				PRODUCT_NAME = "$(TARGET_NAME)";
			};
			name = Debug;
		};
		53B24006174123E400A4B302 /* Release */ = {
			isa = XCBuildConfiguration;
			buildSettings = {
				PRODUCT_NAME = "$(TARGET_NAME)";
			};
			name = Release;
		};
/* End XCBuildConfiguration section */

/* Begin XCConfigurationList section */
		53B23FF6174123E400A4B302 /* Build configuration list for PBXProject "ping" */ = {
			isa = XCConfigurationList;
			buildConfigurations = (
				53B24002174123E400A4B302 /* Debug */,
				53B24003174123E400A4B302 /* Release */,
			);
			defaultConfigurationIsVisible = 0;
			defaultConfigurationName = Release;
		};
		53B24004174123E400A4B302 /* Build configuration list for PBXNativeTarget "ping" */ = {
			isa = XCConfigurationList;
			buildConfigurations = (
				53B24005174123E400A4B302 /* Debug */,
				53B24006174123E400A4B302 /* Release */,
			);
			defaultConfigurationIsVisible = 0;
			defaultConfigurationName = Release;
		};
/* End XCConfigurationList section */
	};
	rootObject = 53B23FF3174123E400A4B302 /* Project object */;
}
